
Microsoft Visual Studio Solution File, Format Version 12.00
# Visual Studio Version 17
VisualStudioVersion = 17.7.34024.191
MinimumVisualStudioVersion = 10.0.40219.1
Project("{FAE04EC0-301F-11D3-BF4B-00C04F79EFBC}") = "csharp-typesystem-snacks", "csharp-typesystem-snacks\csharp-typesystem-snacks.csproj", "{A91C733C-B94D-4C06-8548-6F02BA1900CF}"
EndProject
Global
	GlobalSection(SolutionConfigurationPlatforms) = preSolution
		Debug|Any CPU = Debug|Any CPU
		Release|Any CPU = Release|Any CPU
	EndGlobalSection
	GlobalSection(ProjectConfigurationPlatforms) = postSolution
		{A91C733C-B94D-4C06-8548-6F02BA1900CF}.Debug|Any CPU.ActiveCfg = Debug|Any CPU
		{A91C733C-B94D-4C06-8548-6F02BA1900CF}.Debug|Any CPU.Build.0 = Debug|Any CPU
		{A91C733C-B94D-4C06-8548-6F02BA1900CF}.Release|Any CPU.ActiveCfg = Release|Any CPU
		{A91C733C-B94D-4C06-8548-6F02BA1900CF}.Release|Any CPU.Build.0 = Release|Any CPU
	EndGlobalSection
	GlobalSection(SolutionProperties) = preSolution
		HideSolutionNode = FALSE
	EndGlobalSection
	GlobalSection(ExtensibilityGlobals) = postSolution
		SolutionGuid = {B63AEB10-D269-4BB7-AA1B-BC2110B663CC}
	EndGlobalSection
EndGlobal
